<?xml version="1.0" encoding="utf-8"?>
<Project ToolsVersion="4.0" xmlns="http://schemas.microsoft.com/developer/msbuild/2003">
  <ItemGroup>
    <Filter Include="Source Files">
      <UniqueIdentifier>{4FC737F1-C7A5-4376-A066-2A32D752A2FF}</UniqueIdentifier>
      <Extensions>cpp;c;cc;cxx;def;odl;idl;hpj;bat;asm;asmx</Extensions>
    </Filter>
    <Filter Include="Header Files">
      <UniqueIdentifier>{93995380-89BD-4b04-88EB-625FBE52EBFB}</UniqueIdentifier>
      <Extensions>h;hh;hpp;hxx;hm;inl;inc;xsd</Extensions>
    </Filter>
  </ItemGroup>
  <ItemGroup>
    <ClInclude Include="FileIO.hpp">
      <Filter>Header Files</Filter>
    </ClInclude>
    <ClInclude Include="Files.hpp">
      <Filter>Header Files</Filter>
    </ClInclude>
    <ClInclude Include="Misc.hpp">
      <Filter>Header Files</Filter>
    </ClInclude>
    <ClInclude Include="PreHeader.hpp">
      <Filter>Header Files</Filter>
    </ClInclude>
    <ClInclude Include="CThread.hpp">
      <Filter>Header Files</Filter>
    </ClInclude>
    <ClInclude Include="CEvent.hpp">
      <Filter>Header Files</Filter>
    </ClInclude>
    <ClInclude Include="AtomicOps.hpp">
      <Filter>Header Files</Filter>
    </ClInclude>
    <ClInclude Include="CAtomicFlag.hpp">
      <Filter>Header Files</Filter>
    </ClInclude>
    <ClInclude Include="CMutex.hpp">
      <Filter>Header Files</Filter>
    </ClInclude>
    <ClInclude Include="WinCEFuncs.hpp">
      <Filter>Header Files</Filter>
    </ClInclude>
    <ClInclude Include="CLogger.hpp">
      <Filter>Header Files</Filter>
    </ClInclude>
    <ClInclude Include="StdAbstractionLib.hpp">
      <Filter>Header Files</Filter>
    </ClInclude>
    <ClInclude Include="FileMapping.hpp">
      <Filter>Header Files</Filter>
    </ClInclude>
    <ClInclude Include="FilePath.hpp">
      <Filter>Header Files</Filter>
    </ClInclude>
    <ClInclude Include="VKeys.hpp">
      <Filter>Header Files</Filter>
    </ClInclude>
  </ItemGroup>
  <ItemGroup>
    <ClCompile Include="FileIOPosix.cpp">
      <Filter>Source Files</Filter>
    </ClCompile>
    <ClCompile Include="FileIOWindows.cpp">
      <Filter>Source Files</Filter>
    </ClCompile>
    <ClCompile Include="FilesPosix.cpp">
      <Filter>Source Files</Filter>
    </ClCompile>
    <ClCompile Include="FilesWindows.cpp">
      <Filter>Source Files</Filter>
    </ClCompile>
    <ClCompile Include="MiscPosix.cpp">
      <Filter>Source Files</Filter>
    </ClCompile>
    <ClCompile Include="MiscWindows.cpp">
      <Filter>Source Files</Filter>
    </ClCompile>
    <ClCompile Include="PreHeader.cpp">
      <Filter>Source Files</Filter>
    </ClCompile>
    <ClCompile Include="CThreadPosix.cpp">
      <Filter>Source Files</Filter>
    </ClCompile>
    <ClCompile Include="CThreadWindows.cpp">
      <Filter>Source Files</Filter>
    </ClCompile>
    <ClCompile Include="CEventWindows.cpp">
      <Filter>Source Files</Filter>
    </ClCompile>
    <ClCompile Include="CEventPosix.cpp">
      <Filter>Source Files</Filter>
    </ClCompile>
    <ClCompile Include="CMutexWindows.cpp">
      <Filter>Source Files</Filter>
    </ClCompile>
    <ClCompile Include="CMutexPosix.cpp">
      <Filter>Source Files</Filter>
    </ClCompile>
    <ClCompile Include="WinCEFuncs.cpp">
      <Filter>Source Files</Filter>
    </ClCompile>
    <ClCompile Include="CLogger.cpp">
      <Filter>Source Files</Filter>
    </ClCompile>
    <ClCompile Include="FileIOAny.cpp">
      <Filter>Source Files</Filter>
    </ClCompile>
    <ClCompile Include="StdAbstractionLib.cpp">
      <Filter>Source Files</Filter>
    </ClCompile>
    <ClCompile Include="FileMappingWindows.cpp">
      <Filter>Source Files</Filter>
    </ClCompile>
    <ClCompile Include="FileMappingPosix.cpp">
      <Filter>Source Files</Filter>
    </ClCompile>
    <ClCompile Include="FilePathWindows.cpp">
      <Filter>Source Files</Filter>
    </ClCompile>
    <ClCompile Include="FilePathPosix.cpp">
      <Filter>Source Files</Filter>
    </ClCompile>
    <ClCompile Include="FilesAny.cpp">
      <Filter>Source Files</Filter>
    </ClCompile>
    <ClCompile Include="VKeysWindows.cpp">
      <Filter>Source Files</Filter>
    </ClCompile>
  </ItemGroup>
</Project>